
Microsoft Visual Studio Solution File, Format Version 12.00
# Visual Studio Version 16
VisualStudioVersion = 16.0.29920.165
MinimumVisualStudioVersion = 10.0.40219.1
Project("{9A19103F-16F7-4668-BE54-9A1E7A4F7556}") = "Commonplace", "Commonplace\Commonplace.csproj", "{14D956CE-86E9-4AD5-B843-57A64E4E6DF0}"
EndProject
Project("{9A19103F-16F7-4668-BE54-9A1E7A4F7556}") = "CommonplaceTests", "CommonplaceTests\CommonplaceTests.csproj", "{EBDEB8A5-BA63-4D69-BB9E-7D94F9CC1048}"
EndProject
Global
	GlobalSection(SolutionConfigurationPlatforms) = preSolution
		Debug|Any CPU = Debug|Any CPU
		Release|Any CPU = Release|Any CPU
	EndGlobalSection
	GlobalSection(ProjectConfigurationPlatforms) = postSolution
		{14D956CE-86E9-4AD5-B843-57A64E4E6DF0}.Debug|Any CPU.ActiveCfg = Debug|Any CPU
		{14D956CE-86E9-4AD5-B843-57A64E4E6DF0}.Debug|Any CPU.Build.0 = Debug|Any CPU
		{14D956CE-86E9-4AD5-B843-57A64E4E6DF0}.Release|Any CPU.ActiveCfg = Release|Any CPU
		{14D956CE-86E9-4AD5-B843-57A64E4E6DF0}.Release|Any CPU.Build.0 = Release|Any CPU
		{EBDEB8A5-BA63-4D69-BB9E-7D94F9CC1048}.Debug|Any CPU.ActiveCfg = Debug|Any CPU
		{EBDEB8A5-BA63-4D69-BB9E-7D94F9CC1048}.Debug|Any CPU.Build.0 = Debug|Any CPU
		{EBDEB8A5-BA63-4D69-BB9E-7D94F9CC1048}.Release|Any CPU.ActiveCfg = Release|Any CPU
		{EBDEB8A5-BA63-4D69-BB9E-7D94F9CC1048}.Release|Any CPU.Build.0 = Release|Any CPU
	EndGlobalSection
	GlobalSection(SolutionProperties) = preSolution
		HideSolutionNode = FALSE
	EndGlobalSection
	GlobalSection(ExtensibilityGlobals) = postSolution
		SolutionGuid = {B56A422D-6591-4016-A184-87A6CE5E37AF}
	EndGlobalSection
EndGlobal
